<?xml version="1.0" encoding="utf-8"?>
<Project ToolsVersion="4.0" xmlns="http://schemas.microsoft.com/developer/msbuild/2003">
  <ItemGroup>
    <Filter Include="PCH">
      <UniqueIdentifier>{8ca3a7e7-8517-4054-a42d-706e87fb80a8}</UniqueIdentifier>
    </Filter>
    <Filter Include="Src">
      <UniqueIdentifier>{4FC737F1-C7A5-4376-A066-2A32D752A2FF}</UniqueIdentifier>
      <Extensions>cpp;c;cc;cxx;c++;cppm;ixx;def;odl;idl;hpj;bat;asm;asmx</Extensions>
    </Filter>
    <Filter Include="Inc">
      <UniqueIdentifier>{93995380-89BD-4b04-88EB-625FBE52EBFB}</UniqueIdentifier>
      <Extensions>h;hh;hpp;hxx;h++;hm;inl;inc;ipp;xsd</Extensions>
    </Filter>
  </ItemGroup>
  <ItemGroup>
    <ClCompile Include="Main.cpp">
      <Filter>Src</Filter>
    </ClCompile>
    <ClCompile Include="stdafx.cpp">
      <Filter>PCH</Filter>
    </ClCompile>
    <ClCompile Include="UDPSocket.cpp">
      <Filter>Src</Filter>
    </ClCompile>
    <ClCompile Include="SocketUtil.cpp">
      <Filter>Src</Filter>
    </ClCompile>
    <ClCompile Include="TCPSocket.cpp">
      <Filter>Src</Filter>
    </ClCompile>
    <ClCompile Include="StringUtils.cpp">
      <Filter>Src</Filter>
    </ClCompile>
    <ClCompile Include="Player.cpp">
      <Filter>Src</Filter>
    </ClCompile>
    <ClCompile Include="SocketAddressFactory.cpp">
      <Filter>Src</Filter>
    </ClCompile>
    <ClCompile Include="OutputMemoryStream.cpp">
      <Filter>Src</Filter>
    </ClCompile>
    <ClCompile Include="InputMemoryStream.cpp">
      <Filter>Src</Filter>
    </ClCompile>
    <ClCompile Include="OutputMemoryBitStream.cpp">
      <Filter>Src</Filter>
    </ClCompile>
    <ClCompile Include="InputMemoryBitStream.cpp">
      <Filter>Src</Filter>
    </ClCompile>
    <ClCompile Include="LinkingContext.cpp">
      <Filter>Src</Filter>
    </ClCompile>
    <ClCompile Include="Star.cpp">
      <Filter>Src</Filter>
    </ClCompile>
    <ClCompile Include="GameObject.cpp">
      <Filter>Src</Filter>
    </ClCompile>
    <ClCompile Include="ReplicationManager.cpp">
      <Filter>Src</Filter>
    </ClCompile>
    <ClCompile Include="ReplicationHeader.cpp">
      <Filter>Src</Filter>
    </ClCompile>
  </ItemGroup>
  <ItemGroup>
    <ClInclude Include="stdafx.h">
      <Filter>PCH</Filter>
    </ClInclude>
    <ClInclude Include="SocketAddress.h">
      <Filter>Inc</Filter>
    </ClInclude>
    <ClInclude Include="SocketAddressFactory.h">
      <Filter>Inc</Filter>
    </ClInclude>
    <ClInclude Include="UDPSocket.h">
      <Filter>Inc</Filter>
    </ClInclude>
    <ClInclude Include="SocketUtil.h">
      <Filter>Inc</Filter>
    </ClInclude>
    <ClInclude Include="TCPSocket.h">
      <Filter>Inc</Filter>
    </ClInclude>
    <ClInclude Include="StringUtils.h">
      <Filter>Inc</Filter>
    </ClInclude>
    <ClInclude Include="GameObject.h">
      <Filter>Inc</Filter>
    </ClInclude>
    <ClInclude Include="Player.h">
      <Filter>Inc</Filter>
    </ClInclude>
    <ClInclude Include="OutputMemoryStream.h">
      <Filter>Inc</Filter>
    </ClInclude>
    <ClInclude Include="InputMemoryStream.h">
      <Filter>Inc</Filter>
    </ClInclude>
    <ClInclude Include="ByteSwapper.h">
      <Filter>Inc</Filter>
    </ClInclude>
    <ClInclude Include="OutputMemoryBitStream.h">
      <Filter>Inc</Filter>
    </ClInclude>
    <ClInclude Include="InputMemoryBitStream.h">
      <Filter>Inc</Filter>
    </ClInclude>
    <ClInclude Include="LinkingContext.h">
      <Filter>Inc</Filter>
    </ClInclude>
    <ClInclude Include="MathUtils.h">
      <Filter>Inc</Filter>
    </ClInclude>
    <ClInclude Include="GameInfo.h">
      <Filter>Inc</Filter>
    </ClInclude>
    <ClInclude Include="MemoryBitStream.h">
      <Filter>Inc</Filter>
    </ClInclude>
    <ClInclude Include="MemberVariable.h">
      <Filter>Inc</Filter>
    </ClInclude>
    <ClInclude Include="Star.h">
      <Filter>Inc</Filter>
    </ClInclude>
    <ClInclude Include="ObjectCreationRegistry.h">
      <Filter>Inc</Filter>
    </ClInclude>
    <ClInclude Include="GameObjectSubClasses.h">
      <Filter>Inc</Filter>
    </ClInclude>
    <ClInclude Include="ReplicationManager.h">
      <Filter>Inc</Filter>
    </ClInclude>
    <ClInclude Include="GamePlayUtils.h">
      <Filter>Inc</Filter>
    </ClInclude>
    <ClInclude Include="ReplicationHeader.h">
      <Filter>Inc</Filter>
    </ClInclude>
    <ClInclude Include="Serializable.h">
      <Filter>Inc</Filter>
    </ClInclude>
  </ItemGroup>
</Project>